using System;
using System.Collections.Generic;
using System.Linq;
using System.Text;
using System.Threading.Tasks;

namespace Activity2_Bitos
{
    internal class Class1
    {
        public static void Main(string[] args)
        {
            string[] results = new string[2];

            for (int i = 0; i < 2; i++)
            {
                Console.WriteLine($"Entry {i + 1}:");

                Console.Write("Enter Your First Name: ");
                string Firstname = Console.ReadLine();

                Console.Write("Enter Your Last Name: ");
                string Lastname = Console.ReadLine();

                Console.Write("Enter Your Subject: ");
                string Subject = Console.ReadLine();

                Console.Write("Enter Your Year Level: ");
                int yearLvl = int.Parse(Console.ReadLine());

                Console.Write("Enter Your Grade: ");
                int grade = int.Parse(Console.ReadLine());

                string result;
                if (grade < 50)
                {
                    result = "failed";
                }
                else if (grade >= 50 && grade < 75)
                {
                    result = "almost";
                }
                else if (grade >= 75 && grade < 80)
                {
                    result = "Good job";
                }
                else if (grade >= 80 && grade < 85)
                {
                    result = "Average";
                }
                else if (grade >= 90 && grade < 100)
                {
                    result = "Satisfactory";
                }
                else
                {
                    result = "Invalid Code";
                }
                Console.WriteLine($"Hello {Lastname} {Firstname[i]}");
                Console.WriteLine($"You Are {yearLvl[i]} year");
                Console.WriteLine($"Taking {Subject[i]} with a Grade of {grade[i]}");
            }
            Console.WriteLine($"\nSearch Student:");

            for (int i = 0; int < x; int++)
            {
                Console.WriteLine("\n\n Enter The Fitrst Name That u Want to Search: ");
                string search = Console.ReadLine();
                Boolean found = false;

                if (search == Firstname[i])
                {
                    Console.WriteLine("Student Found: ");
                    Console.WriteLie(Firstname[i]);
                    break;
                }

                if (!found)
                {
                    found = true;
                    Console.WriteLine($"{search} is not in our System");
                    break;
                }
            }
        }
    }
}
