using System;
using System.Collections.Generic;
using System.Linq;
using System.Text;
using System.Threading.Tasks;

namespace BitosActivity3
{
public static class Program
{
    public static void Main()
    {
        Console.Write("Enter your first name: ");
        string firstName = Console.ReadLine();

        Console.Write("Enter your last name (optional): ");
        string lastName = Console.ReadLine();

        string fullName;

        if (string.IsNullOrEmpty(lastName))
        {
            fullName = firstName; //If no last name provided, only use first name
        }
        else
        {
            fullName = firstName + " " + lastName; //Standard concatenation if last name is given
        }

        Console.WriteLine($"Your full name is: {fullName}");
        }

    }
}
