using System;
using System.Collections.Generic;
using System.Linq;
using System.Text;
using System.Threading.Tasks;

namespace Bitos
{
    internal class Activity5_Bitos
    {
        static void Main()
        {
            int studentCount = 3;
            string[] Student_Names = { "Joesen Reyes", "Vincent Melgar", "Jushua Olaso" };
            int[] ages = { 18, 19, 20 };
            string[] gradeLevels = { "Kinder - 12th Grade", "College Freshman - Fouth Year", "College Graduate" };
            string[] favoriteSubjects = { "Programming C#", "HCI", "Basic Electronics" };
            int[,] grades = { { 89, 85, 76 }, { 88, 82, 80 }, { 90, 87, 82 } }; // Prelim, Midterm, Final

            int studentIndex = 0;
            while (studentIndex < studentCount)
            {
                Console.Write("Enter Student Name: ");
                string inputName = Console.ReadLine();

                bool found = false;
                for (int i = 0; i < studentCount; i++)
                {
                    if (inputName.Equals(Student_Names[i], StringComparison.OrdinalIgnoreCase))
                    {
                        int total = grades[i, 0] + grades[i, 1] + grades[i, 2];
                        int highest = Math.Max(grades[i, 0], Math.Max(grades[i, 1], grades[i, 2]));
                        int average = total / 3;

                        Console.WriteLine("\nStudent Details:");
                        Console.WriteLine("Full Name: " + Student_Names[i]);
                        Console.WriteLine("Age: " + ages[i]);
                        Console.WriteLine("Grade Level: " + gradeLevels[i]);
                        Console.WriteLine("Favorite Subject: " + favoriteSubjects[i]);
                        Console.WriteLine("Average Grade: " + average);
                        Console.WriteLine("Highest Grade: " + highest);
                        found = true;
                        break;
                    }
                }

                if (!found)
                {
                    Console.WriteLine("Student not found. Try again.");
                    continue;
                }

                studentIndex++;

            }
        }
    }
}
